// !$*UTF8*$!
{
	archiveVersion = 1;
	classes = {
	};
	objectVersion = 55;
	objects = {

/* Begin PBXBuildFile section */
		52FBB53C289B6A970079D684 /* main.m in Sources */ = {isa = PBXBuildFile; fileRef = 52FBB53B289B6A970079D684 /* main.m */; };
		52FBB546289B6AA80079D684 /* BlockAndContainerDemo.m in Sources */ = {isa = PBXBuildFile; fileRef = 52FBB541289B6AA80079D684 /* BlockAndContainerDemo.m */; };
		52FBB547289B6AA80079D684 /* PropertyDemo.m in Sources */ = {isa = PBXBuildFile; fileRef = 52FBB542289B6AA80079D684 /* PropertyDemo.m */; };
		52FBB548289B6AA80079D684 /* SortingDemo.m in Sources */ = {isa = PBXBuildFile; fileRef = 52FBB544289B6AA80079D684 /* SortingDemo.m */; };
		A9DDDEA728A0D673000DD495 /* AppDelegate.m in Sources */ = {isa = PBXBuildFile; fileRef = A9DDDEA628A0D673000DD495 /* AppDelegate.m */; };
		A9DDDEAA28A0D673000DD495 /* SceneDelegate.m in Sources */ = {isa = PBXBuildFile; fileRef = A9DDDEA928A0D673000DD495 /* SceneDelegate.m */; };
		A9DDDEAD28A0D673000DD495 /* ViewController.m in Sources */ = {isa = PBXBuildFile; fileRef = A9DDDEAC28A0D673000DD495 /* ViewController.m */; };
		A9DDDEB028A0D673000DD495 /* Main.storyboard in Resources */ = {isa = PBXBuildFile; fileRef = A9DDDEAE28A0D673000DD495 /* Main.storyboard */; };
		A9DDDEB228A0D673000DD495 /* Assets.xcassets in Resources */ = {isa = PBXBuildFile; fileRef = A9DDDEB128A0D673000DD495 /* Assets.xcassets */; };
		A9DDDEB528A0D673000DD495 /* LaunchScreen.storyboard in Resources */ = {isa = PBXBuildFile; fileRef = A9DDDEB328A0D673000DD495 /* LaunchScreen.storyboard */; };
		A9DDDEB828A0D673000DD495 /* main.m in Sources */ = {isa = PBXBuildFile; fileRef = A9DDDEB728A0D673000DD495 /* main.m */; };
		A9DDDEC028A0D751000DD495 /* WeatherViewController.m in Sources */ = {isa = PBXBuildFile; fileRef = A9DDDEBF28A0D751000DD495 /* WeatherViewController.m */; };
		A9DDDEC328A0D764000DD495 /* CitiesViewController.m in Sources */ = {isa = PBXBuildFile; fileRef = A9DDDEC228A0D764000DD495 /* CitiesViewController.m */; };
		A9DDDEC628A0D787000DD495 /* XZTabBarController.m in Sources */ = {isa = PBXBuildFile; fileRef = A9DDDEC528A0D787000DD495 /* XZTabBarController.m */; };
/* End PBXBuildFile section */

/* Begin PBXCopyFilesBuildPhase section */
		52FBB537289B6A970079D684 /* CopyFiles */ = {
			isa = PBXCopyFilesBuildPhase;
			buildActionMask = 2147483647;
			dstPath = /usr/share/man/man1/;
			dstSubfolderSpec = 0;
			files = (
			);
			runOnlyForDeploymentPostprocessing = 1;
		};
/* End PBXCopyFilesBuildPhase section */

/* Begin PBXFileReference section */
		52FBB539289B6A970079D684 /* Assignment 1 */ = {isa = PBXFileReference; explicitFileType = "compiled.mach-o.executable"; includeInIndex = 0; path = "Assignment 1"; sourceTree = BUILT_PRODUCTS_DIR; };
		52FBB53B289B6A970079D684 /* main.m */ = {isa = PBXFileReference; lastKnownFileType = sourcecode.c.objc; path = main.m; sourceTree = "<group>"; };
		52FBB540289B6AA80079D684 /* BlockAndContainerDemo.h */ = {isa = PBXFileReference; fileEncoding = 4; lastKnownFileType = sourcecode.c.h; path = BlockAndContainerDemo.h; sourceTree = "<group>"; };
		52FBB541289B6AA80079D684 /* BlockAndContainerDemo.m */ = {isa = PBXFileReference; fileEncoding = 4; lastKnownFileType = sourcecode.c.objc; path = BlockAndContainerDemo.m; sourceTree = "<group>"; };
		52FBB542289B6AA80079D684 /* PropertyDemo.m */ = {isa = PBXFileReference; fileEncoding = 4; lastKnownFileType = sourcecode.c.objc; path = PropertyDemo.m; sourceTree = "<group>"; };
		52FBB543289B6AA80079D684 /* SortingDemo.h */ = {isa = PBXFileReference; fileEncoding = 4; lastKnownFileType = sourcecode.c.h; path = SortingDemo.h; sourceTree = "<group>"; };
		52FBB544289B6AA80079D684 /* SortingDemo.m */ = {isa = PBXFileReference; fileEncoding = 4; lastKnownFileType = sourcecode.c.objc; path = SortingDemo.m; sourceTree = "<group>"; };
		52FBB545289B6AA80079D684 /* PropertyDemo.h */ = {isa = PBXFileReference; fileEncoding = 4; lastKnownFileType = sourcecode.c.h; path = PropertyDemo.h; sourceTree = "<group>"; };
		A9DDDEA328A0D673000DD495 /* SimpliedWeather.app */ = {isa = PBXFileReference; explicitFileType = wrapper.application; includeInIndex = 0; path = SimpliedWeather.app; sourceTree = BUILT_PRODUCTS_DIR; };
		A9DDDEA528A0D673000DD495 /* AppDelegate.h */ = {isa = PBXFileReference; lastKnownFileType = sourcecode.c.h; path = AppDelegate.h; sourceTree = "<group>"; };
		A9DDDEA628A0D673000DD495 /* AppDelegate.m */ = {isa = PBXFileReference; lastKnownFileType = sourcecode.c.objc; path = AppDelegate.m; sourceTree = "<group>"; };
		A9DDDEA828A0D673000DD495 /* SceneDelegate.h */ = {isa = PBXFileReference; lastKnownFileType = sourcecode.c.h; path = SceneDelegate.h; sourceTree = "<group>"; };
		A9DDDEA928A0D673000DD495 /* SceneDelegate.m */ = {isa = PBXFileReference; lastKnownFileType = sourcecode.c.objc; path = SceneDelegate.m; sourceTree = "<group>"; };
		A9DDDEAB28A0D673000DD495 /* ViewController.h */ = {isa = PBXFileReference; lastKnownFileType = sourcecode.c.h; path = ViewController.h; sourceTree = "<group>"; };
		A9DDDEAC28A0D673000DD495 /* ViewController.m */ = {isa = PBXFileReference; lastKnownFileType = sourcecode.c.objc; path = ViewController.m; sourceTree = "<group>"; };
		A9DDDEAF28A0D673000DD495 /* Base */ = {isa = PBXFileReference; lastKnownFileType = file.storyboard; name = Base; path = Base.lproj/Main.storyboard; sourceTree = "<group>"; };
		A9DDDEB128A0D673000DD495 /* Assets.xcassets */ = {isa = PBXFileReference; lastKnownFileType = folder.assetcatalog; path = Assets.xcassets; sourceTree = "<group>"; };
		A9DDDEB428A0D673000DD495 /* Base */ = {isa = PBXFileReference; lastKnownFileType = file.storyboard; name = Base; path = Base.lproj/LaunchScreen.storyboard; sourceTree = "<group>"; };
		A9DDDEB628A0D673000DD495 /* Info.plist */ = {isa = PBXFileReference; lastKnownFileType = text.plist.xml; path = Info.plist; sourceTree = "<group>"; };
		A9DDDEB728A0D673000DD495 /* main.m */ = {isa = PBXFileReference; lastKnownFileType = sourcecode.c.objc; path = main.m; sourceTree = "<group>"; };
		A9DDDEBE28A0D751000DD495 /* WeatherViewController.h */ = {isa = PBXFileReference; lastKnownFileType = sourcecode.c.h; path = WeatherViewController.h; sourceTree = "<group>"; };
		A9DDDEBF28A0D751000DD495 /* WeatherViewController.m */ = {isa = PBXFileReference; lastKnownFileType = sourcecode.c.objc; path = WeatherViewController.m; sourceTree = "<group>"; };
		A9DDDEC128A0D764000DD495 /* CitiesViewController.h */ = {isa = PBXFileReference; lastKnownFileType = sourcecode.c.h; path = CitiesViewController.h; sourceTree = "<group>"; };
		A9DDDEC228A0D764000DD495 /* CitiesViewController.m */ = {isa = PBXFileReference; lastKnownFileType = sourcecode.c.objc; path = CitiesViewController.m; sourceTree = "<group>"; };
		A9DDDEC428A0D787000DD495 /* XZTabBarController.h */ = {isa = PBXFileReference; lastKnownFileType = sourcecode.c.h; path = XZTabBarController.h; sourceTree = "<group>"; };
		A9DDDEC528A0D787000DD495 /* XZTabBarController.m */ = {isa = PBXFileReference; lastKnownFileType = sourcecode.c.objc; path = XZTabBarController.m; sourceTree = "<group>"; };
/* End PBXFileReference section */

/* Begin PBXFrameworksBuildPhase section */
		52FBB536289B6A970079D684 /* Frameworks */ = {
			isa = PBXFrameworksBuildPhase;
			buildActionMask = 2147483647;
			files = (
			);
			runOnlyForDeploymentPostprocessing = 0;
		};
		A9DDDEA028A0D673000DD495 /* Frameworks */ = {
			isa = PBXFrameworksBuildPhase;
			buildActionMask = 2147483647;
			files = (
			);
			runOnlyForDeploymentPostprocessing = 0;
		};
/* End PBXFrameworksBuildPhase section */

/* Begin PBXGroup section */
		5239AEB528A1EEF9001250BE /* Views */ = {
			isa = PBXGroup;
			children = (
				A9DDDEAE28A0D673000DD495 /* Main.storyboard */,
				A9DDDEB328A0D673000DD495 /* LaunchScreen.storyboard */,
			);
			name = Views;
			path = SimpliedWeather/Views;
			sourceTree = SOURCE_ROOT;
		};
		5239AEB628A1EFE1001250BE /* Models */ = {
			isa = PBXGroup;
			children = (
			);
			path = Models;
			sourceTree = "<group>";
		};
		52FBB5002890B8320079D684 = {
			isa = PBXGroup;
			children = (
				52FBB53A289B6A970079D684 /* Assignment 1 */,
				A9DDDEA428A0D673000DD495 /* SimpliedWeather */,
				52FBB50A2890B8320079D684 /* Products */,
			);
			sourceTree = "<group>";
		};
		52FBB50A2890B8320079D684 /* Products */ = {
			isa = PBXGroup;
			children = (
				52FBB539289B6A970079D684 /* Assignment 1 */,
				A9DDDEA328A0D673000DD495 /* SimpliedWeather.app */,
			);
			name = Products;
			sourceTree = "<group>";
		};
		52FBB53A289B6A970079D684 /* Assignment 1 */ = {
			isa = PBXGroup;
			children = (
				52FBB53B289B6A970079D684 /* main.m */,
				52FBB540289B6AA80079D684 /* BlockAndContainerDemo.h */,
				52FBB541289B6AA80079D684 /* BlockAndContainerDemo.m */,
				52FBB545289B6AA80079D684 /* PropertyDemo.h */,
				52FBB542289B6AA80079D684 /* PropertyDemo.m */,
				52FBB543289B6AA80079D684 /* SortingDemo.h */,
				52FBB544289B6AA80079D684 /* SortingDemo.m */,
			);
			path = "Assignment 1";
			sourceTree = "<group>";
		};
		A9DDDEA428A0D673000DD495 /* SimpliedWeather */ = {
			isa = PBXGroup;
			children = (
				A9DDDEBC28A0D6FF000DD495 /* AppDelegate */,
				A9DDDEBD28A0D70F000DD495 /* SceneDelegate */,
				A9DDDEB128A0D673000DD495 /* Assets.xcassets */,
				A9DDDEB628A0D673000DD495 /* Info.plist */,
				A9DDDEB728A0D673000DD495 /* main.m */,
				5239AEB628A1EFE1001250BE /* Models */,
				5239AEB528A1EEF9001250BE /* Views */,
				A9DDDEC728A0D797000DD495 /* Controllers */,
			);
			path = SimpliedWeather;
			sourceTree = "<group>";
		};
		A9DDDEBC28A0D6FF000DD495 /* AppDelegate */ = {
			isa = PBXGroup;
			children = (
				A9DDDEA528A0D673000DD495 /* AppDelegate.h */,
				A9DDDEA628A0D673000DD495 /* AppDelegate.m */,
			);
			path = AppDelegate;
			sourceTree = "<group>";
		};
		A9DDDEBD28A0D70F000DD495 /* SceneDelegate */ = {
			isa = PBXGroup;
			children = (
				A9DDDEA828A0D673000DD495 /* SceneDelegate.h */,
				A9DDDEA928A0D673000DD495 /* SceneDelegate.m */,
			);
			path = SceneDelegate;
			sourceTree = "<group>";
		};
		A9DDDEC728A0D797000DD495 /* Controllers */ = {
			isa = PBXGroup;
			children = (
				A9DDDEAB28A0D673000DD495 /* ViewController.h */,
				A9DDDEAC28A0D673000DD495 /* ViewController.m */,
				A9DDDEC128A0D764000DD495 /* CitiesViewController.h */,
				A9DDDEC228A0D764000DD495 /* CitiesViewController.m */,
				A9DDDEC428A0D787000DD495 /* XZTabBarController.h */,
				A9DDDEC528A0D787000DD495 /* XZTabBarController.m */,
				A9DDDEBE28A0D751000DD495 /* WeatherViewController.h */,
				A9DDDEBF28A0D751000DD495 /* WeatherViewController.m */,
			);
			path = Controllers;
			sourceTree = "<group>";
		};
/* End PBXGroup section */

/* Begin PBXNativeTarget section */
		52FBB538289B6A970079D684 /* Assignment 1 */ = {
			isa = PBXNativeTarget;
			buildConfigurationList = 52FBB53D289B6A970079D684 /* Build configuration list for PBXNativeTarget "Assignment 1" */;
			buildPhases = (
				52FBB535289B6A970079D684 /* Sources */,
				52FBB536289B6A970079D684 /* Frameworks */,
				52FBB537289B6A970079D684 /* CopyFiles */,
			);
			buildRules = (
			);
			dependencies = (
			);
			name = "Assignment 1";
			productName = "Assignment 1";
			productReference = 52FBB539289B6A970079D684 /* Assignment 1 */;
			productType = "com.apple.product-type.tool";
		};
		A9DDDEA228A0D673000DD495 /* SimpliedWeather */ = {
			isa = PBXNativeTarget;
			buildConfigurationList = A9DDDEB928A0D673000DD495 /* Build configuration list for PBXNativeTarget "SimpliedWeather" */;
			buildPhases = (
				A9DDDE9F28A0D673000DD495 /* Sources */,
				A9DDDEA028A0D673000DD495 /* Frameworks */,
				A9DDDEA128A0D673000DD495 /* Resources */,
			);
			buildRules = (
			);
			dependencies = (
			);
			name = SimpliedWeather;
			productName = SimpliedWeather;
			productReference = A9DDDEA328A0D673000DD495 /* SimpliedWeather.app */;
			productType = "com.apple.product-type.application";
		};
/* End PBXNativeTarget section */

/* Begin PBXProject section */
		52FBB5012890B8320079D684 /* Project object */ = {
			isa = PBXProject;
			attributes = {
				BuildIndependentTargetsInParallel = 1;
				LastUpgradeCheck = 1340;
				TargetAttributes = {
					52FBB538289B6A970079D684 = {
						CreatedOnToolsVersion = 13.4.1;
					};
					A9DDDEA228A0D673000DD495 = {
						CreatedOnToolsVersion = 13.4.1;
					};
				};
			};
			buildConfigurationList = 52FBB5042890B8320079D684 /* Build configuration list for PBXProject "Tianqi_Group_Project" */;
			compatibilityVersion = "Xcode 13.0";
			developmentRegion = en;
			hasScannedForEncodings = 0;
			knownRegions = (
				en,
				Base,
			);
			mainGroup = 52FBB5002890B8320079D684;
			productRefGroup = 52FBB50A2890B8320079D684 /* Products */;
			projectDirPath = "";
			projectRoot = "";
			targets = (
				52FBB538289B6A970079D684 /* Assignment 1 */,
				A9DDDEA228A0D673000DD495 /* SimpliedWeather */,
			);
		};
/* End PBXProject section */

/* Begin PBXResourcesBuildPhase section */
		A9DDDEA128A0D673000DD495 /* Resources */ = {
			isa = PBXResourcesBuildPhase;
			buildActionMask = 2147483647;
			files = (
				A9DDDEB528A0D673000DD495 /* LaunchScreen.storyboard in Resources */,
				A9DDDEB228A0D673000DD495 /* Assets.xcassets in Resources */,
				A9DDDEB028A0D673000DD495 /* Main.storyboard in Resources */,
			);
			runOnlyForDeploymentPostprocessing = 0;
		};
/* End PBXResourcesBuildPhase section */

/* Begin PBXSourcesBuildPhase section */
		52FBB535289B6A970079D684 /* Sources */ = {
			isa = PBXSourcesBuildPhase;
			buildActionMask = 2147483647;
			files = (
				52FBB546289B6AA80079D684 /* BlockAndContainerDemo.m in Sources */,
				52FBB547289B6AA80079D684 /* PropertyDemo.m in Sources */,
				52FBB53C289B6A970079D684 /* main.m in Sources */,
				52FBB548289B6AA80079D684 /* SortingDemo.m in Sources */,
			);
			runOnlyForDeploymentPostprocessing = 0;
		};
		A9DDDE9F28A0D673000DD495 /* Sources */ = {
			isa = PBXSourcesBuildPhase;
			buildActionMask = 2147483647;
			files = (
				A9DDDEC628A0D787000DD495 /* XZTabBarController.m in Sources */,
				A9DDDEAD28A0D673000DD495 /* ViewController.m in Sources */,
				A9DDDEC328A0D764000DD495 /* CitiesViewController.m in Sources */,
				A9DDDEA728A0D673000DD495 /* AppDelegate.m in Sources */,
				A9DDDEB828A0D673000DD495 /* main.m in Sources */,
				A9DDDEC028A0D751000DD495 /* WeatherViewController.m in Sources */,
				A9DDDEAA28A0D673000DD495 /* SceneDelegate.m in Sources */,
			);
			runOnlyForDeploymentPostprocessing = 0;
		};
/* End PBXSourcesBuildPhase section */

/* Begin PBXVariantGroup section */
		A9DDDEAE28A0D673000DD495 /* Main.storyboard */ = {
			isa = PBXVariantGroup;
			children = (
				A9DDDEAF28A0D673000DD495 /* Base */,
			);
			name = Main.storyboard;
			sourceTree = "<group>";
		};
		A9DDDEB328A0D673000DD495 /* LaunchScreen.storyboard */ = {
			isa = PBXVariantGroup;
			children = (
				A9DDDEB428A0D673000DD495 /* Base */,
			);
			name = LaunchScreen.storyboard;
			sourceTree = "<group>";
		};
/* End PBXVariantGroup section */

/* Begin XCBuildConfiguration section */
		52FBB50E2890B8320079D684 /* Debug */ = {
			isa = XCBuildConfiguration;
			buildSettings = {
				ALWAYS_SEARCH_USER_PATHS = NO;
				CLANG_ANALYZER_NONNULL = YES;
				CLANG_ANALYZER_NUMBER_OBJECT_CONVERSION = YES_AGGRESSIVE;
				CLANG_CXX_LANGUAGE_STANDARD = "gnu++17";
				CLANG_ENABLE_MODULES = YES;
				CLANG_ENABLE_OBJC_ARC = YES;
				CLANG_ENABLE_OBJC_WEAK = YES;
				CLANG_WARN_BLOCK_CAPTURE_AUTORELEASING = YES;
				CLANG_WARN_BOOL_CONVERSION = YES;
				CLANG_WARN_COMMA = YES;
				CLANG_WARN_CONSTANT_CONVERSION = YES;
				CLANG_WARN_DEPRECATED_OBJC_IMPLEMENTATIONS = YES;
				CLANG_WARN_DIRECT_OBJC_ISA_USAGE = YES_ERROR;
				CLANG_WARN_DOCUMENTATION_COMMENTS = YES;
				CLANG_WARN_EMPTY_BODY = YES;
				CLANG_WARN_ENUM_CONVERSION = YES;
				CLANG_WARN_INFINITE_RECURSION = YES;
				CLANG_WARN_INT_CONVERSION = YES;
				CLANG_WARN_NON_LITERAL_NULL_CONVERSION = YES;
				CLANG_WARN_OBJC_IMPLICIT_RETAIN_SELF = YES;
				CLANG_WARN_OBJC_LITERAL_CONVERSION = YES;
				CLANG_WARN_OBJC_ROOT_CLASS = YES_ERROR;
				CLANG_WARN_QUOTED_INCLUDE_IN_FRAMEWORK_HEADER = YES;
				CLANG_WARN_RANGE_LOOP_ANALYSIS = YES;
				CLANG_WARN_STRICT_PROTOTYPES = YES;
				CLANG_WARN_SUSPICIOUS_MOVE = YES;
				CLANG_WARN_UNGUARDED_AVAILABILITY = YES_AGGRESSIVE;
				CLANG_WARN_UNREACHABLE_CODE = YES;
				CLANG_WARN__DUPLICATE_METHOD_MATCH = YES;
				COPY_PHASE_STRIP = NO;
				DEBUG_INFORMATION_FORMAT = dwarf;
				ENABLE_STRICT_OBJC_MSGSEND = YES;
				ENABLE_TESTABILITY = YES;
				GCC_C_LANGUAGE_STANDARD = gnu11;
				GCC_DYNAMIC_NO_PIC = NO;
				GCC_NO_COMMON_BLOCKS = YES;
				GCC_OPTIMIZATION_LEVEL = 0;
				GCC_PREPROCESSOR_DEFINITIONS = (
					"DEBUG=1",
					"$(inherited)",
				);
				GCC_WARN_64_TO_32_BIT_CONVERSION = YES;
				GCC_WARN_ABOUT_RETURN_TYPE = YES_ERROR;
				GCC_WARN_UNDECLARED_SELECTOR = YES;
				GCC_WARN_UNINITIALIZED_AUTOS = YES_AGGRESSIVE;
				GCC_WARN_UNUSED_FUNCTION = YES;
				GCC_WARN_UNUSED_VARIABLE = YES;
				MACOSX_DEPLOYMENT_TARGET = 12.3;
				MTL_ENABLE_DEBUG_INFO = INCLUDE_SOURCE;
				MTL_FAST_MATH = YES;
				ONLY_ACTIVE_ARCH = YES;
				SDKROOT = iphoneos;
			};
			name = Debug;
		};
		52FBB50F2890B8320079D684 /* Release */ = {
			isa = XCBuildConfiguration;
			buildSettings = {
				ALWAYS_SEARCH_USER_PATHS = NO;
				CLANG_ANALYZER_NONNULL = YES;
				CLANG_ANALYZER_NUMBER_OBJECT_CONVERSION = YES_AGGRESSIVE;
				CLANG_CXX_LANGUAGE_STANDARD = "gnu++17";
				CLANG_ENABLE_MODULES = YES;
				CLANG_ENABLE_OBJC_ARC = YES;
				CLANG_ENABLE_OBJC_WEAK = YES;
				CLANG_WARN_BLOCK_CAPTURE_AUTORELEASING = YES;
				CLANG_WARN_BOOL_CONVERSION = YES;
				CLANG_WARN_COMMA = YES;
				CLANG_WARN_CONSTANT_CONVERSION = YES;
				CLANG_WARN_DEPRECATED_OBJC_IMPLEMENTATIONS = YES;
				CLANG_WARN_DIRECT_OBJC_ISA_USAGE = YES_ERROR;
				CLANG_WARN_DOCUMENTATION_COMMENTS = YES;
				CLANG_WARN_EMPTY_BODY = YES;
				CLANG_WARN_ENUM_CONVERSION = YES;
				CLANG_WARN_INFINITE_RECURSION = YES;
				CLANG_WARN_INT_CONVERSION = YES;
				CLANG_WARN_NON_LITERAL_NULL_CONVERSION = YES;
				CLANG_WARN_OBJC_IMPLICIT_RETAIN_SELF = YES;
				CLANG_WARN_OBJC_LITERAL_CONVERSION = YES;
				CLANG_WARN_OBJC_ROOT_CLASS = YES_ERROR;
				CLANG_WARN_QUOTED_INCLUDE_IN_FRAMEWORK_HEADER = YES;
				CLANG_WARN_RANGE_LOOP_ANALYSIS = YES;
				CLANG_WARN_STRICT_PROTOTYPES = YES;
				CLANG_WARN_SUSPICIOUS_MOVE = YES;
				CLANG_WARN_UNGUARDED_AVAILABILITY = YES_AGGRESSIVE;
				CLANG_WARN_UNREACHABLE_CODE = YES;
				CLANG_WARN__DUPLICATE_METHOD_MATCH = YES;
				COPY_PHASE_STRIP = NO;
				DEBUG_INFORMATION_FORMAT = "dwarf-with-dsym";
				ENABLE_NS_ASSERTIONS = NO;
				ENABLE_STRICT_OBJC_MSGSEND = YES;
				GCC_C_LANGUAGE_STANDARD = gnu11;
				GCC_NO_COMMON_BLOCKS = YES;
				GCC_WARN_64_TO_32_BIT_CONVERSION = YES;
				GCC_WARN_ABOUT_RETURN_TYPE = YES_ERROR;
				GCC_WARN_UNDECLARED_SELECTOR = YES;
				GCC_WARN_UNINITIALIZED_AUTOS = YES_AGGRESSIVE;
				GCC_WARN_UNUSED_FUNCTION = YES;
				GCC_WARN_UNUSED_VARIABLE = YES;
				MACOSX_DEPLOYMENT_TARGET = 12.3;
				MTL_ENABLE_DEBUG_INFO = NO;
				MTL_FAST_MATH = YES;
				SDKROOT = iphoneos;
			};
			name = Release;
		};
		52FBB53E289B6A970079D684 /* Debug */ = {
			isa = XCBuildConfiguration;
			buildSettings = {
				CODE_SIGN_STYLE = Automatic;
				DEVELOPMENT_TEAM = L5Q92T34UB;
				PRODUCT_NAME = "$(TARGET_NAME)";
			};
			name = Debug;
		};
		52FBB53F289B6A970079D684 /* Release */ = {
			isa = XCBuildConfiguration;
			buildSettings = {
				CODE_SIGN_STYLE = Automatic;
				DEVELOPMENT_TEAM = L5Q92T34UB;
				PRODUCT_NAME = "$(TARGET_NAME)";
			};
			name = Release;
		};
		A9DDDEBA28A0D673000DD495 /* Debug */ = {
			isa = XCBuildConfiguration;
			buildSettings = {
				ASSETCATALOG_COMPILER_APPICON_NAME = AppIcon;
				ASSETCATALOG_COMPILER_GLOBAL_ACCENT_COLOR_NAME = AccentColor;
				CODE_SIGN_STYLE = Automatic;
				CURRENT_PROJECT_VERSION = 1;
				DEVELOPMENT_TEAM = "";
				GENERATE_INFOPLIST_FILE = YES;
				INFOPLIST_FILE = SimpliedWeather/Info.plist;
				INFOPLIST_KEY_UIApplicationSupportsIndirectInputEvents = YES;
				INFOPLIST_KEY_UILaunchStoryboardName = LaunchScreen;
				INFOPLIST_KEY_UIMainStoryboardFile = Main;
				INFOPLIST_KEY_UISupportedInterfaceOrientations_iPad = "UIInterfaceOrientationPortrait UIInterfaceOrientationPortraitUpsideDown UIInterfaceOrientationLandscapeLeft UIInterfaceOrientationLandscapeRight";
				INFOPLIST_KEY_UISupportedInterfaceOrientations_iPhone = "UIInterfaceOrientationPortrait UIInterfaceOrientationLandscapeLeft UIInterfaceOrientationLandscapeRight";
				IPHONEOS_DEPLOYMENT_TARGET = 15.5;
				LD_RUNPATH_SEARCH_PATHS = (
					"$(inherited)",
					"@executable_path/Frameworks",
				);
				MARKETING_VERSION = 1.0;
				PRODUCT_BUNDLE_IDENTIFIER = com.tianqi.SimpliedWeather;
				PRODUCT_NAME = "$(TARGET_NAME)";
				SDKROOT = iphoneos;
				SWIFT_EMIT_LOC_STRINGS = YES;
				TARGETED_DEVICE_FAMILY = 1;
			};
			name = Debug;
		};
		A9DDDEBB28A0D673000DD495 /* Release */ = {
			isa = XCBuildConfiguration;
			buildSettings = {
				ASSETCATALOG_COMPILER_APPICON_NAME = AppIcon;
				ASSETCATALOG_COMPILER_GLOBAL_ACCENT_COLOR_NAME = AccentColor;
				CODE_SIGN_STYLE = Automatic;
				CURRENT_PROJECT_VERSION = 1;
				DEVELOPMENT_TEAM = "";
				GENERATE_INFOPLIST_FILE = YES;
				INFOPLIST_FILE = SimpliedWeather/Info.plist;
				INFOPLIST_KEY_UIApplicationSupportsIndirectInputEvents = YES;
				INFOPLIST_KEY_UILaunchStoryboardName = LaunchScreen;
				INFOPLIST_KEY_UIMainStoryboardFile = Main;
				INFOPLIST_KEY_UISupportedInterfaceOrientations_iPad = "UIInterfaceOrientationPortrait UIInterfaceOrientationPortraitUpsideDown UIInterfaceOrientationLandscapeLeft UIInterfaceOrientationLandscapeRight";
				INFOPLIST_KEY_UISupportedInterfaceOrientations_iPhone = "UIInterfaceOrientationPortrait UIInterfaceOrientationLandscapeLeft UIInterfaceOrientationLandscapeRight";
				IPHONEOS_DEPLOYMENT_TARGET = 15.5;
				LD_RUNPATH_SEARCH_PATHS = (
					"$(inherited)",
					"@executable_path/Frameworks",
				);
				MARKETING_VERSION = 1.0;
				PRODUCT_BUNDLE_IDENTIFIER = com.tianqi.SimpliedWeather;
				PRODUCT_NAME = "$(TARGET_NAME)";
				SDKROOT = iphoneos;
				SWIFT_EMIT_LOC_STRINGS = YES;
				TARGETED_DEVICE_FAMILY = 1;
				VALIDATE_PRODUCT = YES;
			};
			name = Release;
		};
/* End XCBuildConfiguration section */

/* Begin XCConfigurationList section */
		52FBB5042890B8320079D684 /* Build configuration list for PBXProject "Tianqi_Group_Project" */ = {
			isa = XCConfigurationList;
			buildConfigurations = (
				52FBB50E2890B8320079D684 /* Debug */,
				52FBB50F2890B8320079D684 /* Release */,
			);
			defaultConfigurationIsVisible = 0;
			defaultConfigurationName = Release;
		};
		52FBB53D289B6A970079D684 /* Build configuration list for PBXNativeTarget "Assignment 1" */ = {
			isa = XCConfigurationList;
			buildConfigurations = (
				52FBB53E289B6A970079D684 /* Debug */,
				52FBB53F289B6A970079D684 /* Release */,
			);
			defaultConfigurationIsVisible = 0;
			defaultConfigurationName = Release;
		};
		A9DDDEB928A0D673000DD495 /* Build configuration list for PBXNativeTarget "SimpliedWeather" */ = {
			isa = XCConfigurationList;
			buildConfigurations = (
				A9DDDEBA28A0D673000DD495 /* Debug */,
				A9DDDEBB28A0D673000DD495 /* Release */,
			);
			defaultConfigurationIsVisible = 0;
			defaultConfigurationName = Release;
		};
/* End XCConfigurationList section */
	};
	rootObject = 52FBB5012890B8320079D684 /* Project object */;
}
