// !$*UTF8*$!
{
	archiveVersion = 1;
	classes = {
	};
	objectVersion = 55;
	objects = {

/* Begin PBXBuildFile section */
		051DEE6528AB606E00138EF8 /* TetrominoModel.m in Sources */ = {isa = PBXBuildFile; fileRef = 051DEE6428AB606E00138EF8 /* TetrominoModel.m */; };
		05B1598B28A601B900CC047D /* load.json in Resources */ = {isa = PBXBuildFile; fileRef = 05B1598A28A601B900CC047D /* load.json */; };
		05B1598D28A602CC00CC047D /* LottieView.swift in Sources */ = {isa = PBXBuildFile; fileRef = 05B1598C28A602CC00CC047D /* LottieView.swift */; };
		05B1598F28A6E7EF00CC047D /* RefreshableScrollView.swift in Sources */ = {isa = PBXBuildFile; fileRef = 05B1598E28A6E7EF00CC047D /* RefreshableScrollView.swift */; };
		35700439A64347DECB5A2F1C /* Pods_Assignment_1.framework in Frameworks */ = {isa = PBXBuildFile; fileRef = EC9AAC14B65F1839C56C1A47 /* Pods_Assignment_1.framework */; };
		5239AEC528A21320001250BE /* ClimaWeatherApp.swift in Sources */ = {isa = PBXBuildFile; fileRef = 5239AEC428A21320001250BE /* ClimaWeatherApp.swift */; };
		5239AEC728A21320001250BE /* ContentView.swift in Sources */ = {isa = PBXBuildFile; fileRef = 5239AEC628A21320001250BE /* ContentView.swift */; };
		5239AEC928A21323001250BE /* Assets.xcassets in Resources */ = {isa = PBXBuildFile; fileRef = 5239AEC828A21323001250BE /* Assets.xcassets */; };
		5239AECC28A21323001250BE /* Preview Assets.xcassets in Resources */ = {isa = PBXBuildFile; fileRef = 5239AECB28A21323001250BE /* Preview Assets.xcassets */; };
		523D63D328A5F1DE00C2F1D2 /* ForecastView.swift in Sources */ = {isa = PBXBuildFile; fileRef = 523D63D128A5F1DD00C2F1D2 /* ForecastView.swift */; };
		523D63D428A5F1DE00C2F1D2 /* WeatherDetailView.swift in Sources */ = {isa = PBXBuildFile; fileRef = 523D63D228A5F1DD00C2F1D2 /* WeatherDetailView.swift */; };
		52561AB228A716FD00FEA0E0 /* WeatherModel.swift in Sources */ = {isa = PBXBuildFile; fileRef = 52561AB128A716FD00FEA0E0 /* WeatherModel.swift */; };
		52561AB428A7355A00FEA0E0 /* CityModel.swift in Sources */ = {isa = PBXBuildFile; fileRef = 52561AB328A7355A00FEA0E0 /* CityModel.swift */; };
		52561AE728AB49BA00FEA0E0 /* AppDelegate.m in Sources */ = {isa = PBXBuildFile; fileRef = 52561AE628AB49BA00FEA0E0 /* AppDelegate.m */; };
		52561AEA28AB49BA00FEA0E0 /* SceneDelegate.m in Sources */ = {isa = PBXBuildFile; fileRef = 52561AE928AB49BA00FEA0E0 /* SceneDelegate.m */; };
		52561AED28AB49BA00FEA0E0 /* ViewController.m in Sources */ = {isa = PBXBuildFile; fileRef = 52561AEC28AB49BA00FEA0E0 /* ViewController.m */; };
		52561AF028AB49BA00FEA0E0 /* Main.storyboard in Resources */ = {isa = PBXBuildFile; fileRef = 52561AEE28AB49BA00FEA0E0 /* Main.storyboard */; };
		52561AF228AB49BB00FEA0E0 /* Assets.xcassets in Resources */ = {isa = PBXBuildFile; fileRef = 52561AF128AB49BB00FEA0E0 /* Assets.xcassets */; };
		52561AF528AB49BB00FEA0E0 /* LaunchScreen.storyboard in Resources */ = {isa = PBXBuildFile; fileRef = 52561AF328AB49BB00FEA0E0 /* LaunchScreen.storyboard */; };
		52561AF828AB49BB00FEA0E0 /* main.m in Sources */ = {isa = PBXBuildFile; fileRef = 52561AF728AB49BB00FEA0E0 /* main.m */; };
		5292A47D28A2196800A25F50 /* WeatherManager.swift in Sources */ = {isa = PBXBuildFile; fileRef = 5292A47C28A2196800A25F50 /* WeatherManager.swift */; };
		5292A47F28A2198600A25F50 /* CurrentWeatherData.swift in Sources */ = {isa = PBXBuildFile; fileRef = 5292A47E28A2198600A25F50 /* CurrentWeatherData.swift */; };
		5292A48128A2199500A25F50 /* CurrentWeatherModel.swift in Sources */ = {isa = PBXBuildFile; fileRef = 5292A48028A2199500A25F50 /* CurrentWeatherModel.swift */; };
		5292A4B328A2F44B00A25F50 /* LocationData.swift in Sources */ = {isa = PBXBuildFile; fileRef = 5292A4B228A2F44B00A25F50 /* LocationData.swift */; };
		5292A4B528A305E100A25F50 /* HourlyForecastModel.swift in Sources */ = {isa = PBXBuildFile; fileRef = 5292A4B428A305E100A25F50 /* HourlyForecastModel.swift */; };
		5292A4B728A308DB00A25F50 /* HourlyForecastsData.swift in Sources */ = {isa = PBXBuildFile; fileRef = 5292A4B628A308DB00A25F50 /* HourlyForecastsData.swift */; };
		5292A4BB28A31E7E00A25F50 /* DailyForecastModel.swift in Sources */ = {isa = PBXBuildFile; fileRef = 5292A4BA28A31E7E00A25F50 /* DailyForecastModel.swift */; };
		5292A4BD28A3224B00A25F50 /* DailyForecastsData.swift in Sources */ = {isa = PBXBuildFile; fileRef = 5292A4BC28A3224B00A25F50 /* DailyForecastsData.swift */; };
		52FBB53C289B6A970079D684 /* main.m in Sources */ = {isa = PBXBuildFile; fileRef = 52FBB53B289B6A970079D684 /* main.m */; };
		52FBB546289B6AA80079D684 /* BlockAndContainerDemo.m in Sources */ = {isa = PBXBuildFile; fileRef = 52FBB541289B6AA80079D684 /* BlockAndContainerDemo.m */; };
		52FBB547289B6AA80079D684 /* PropertyDemo.m in Sources */ = {isa = PBXBuildFile; fileRef = 52FBB542289B6AA80079D684 /* PropertyDemo.m */; };
		52FBB548289B6AA80079D684 /* SortingDemo.m in Sources */ = {isa = PBXBuildFile; fileRef = 52FBB544289B6AA80079D684 /* SortingDemo.m */; };
		CC5AF2A1E8A06F58B03F9625 /* Pods_ClimaWeather.framework in Frameworks */ = {isa = PBXBuildFile; fileRef = 9FFEC04C670DD2DD8DFBF5C4 /* Pods_ClimaWeather.framework */; };
		F01FD0C828AA278400CEFD7B /* sunAndRain.json in Resources */ = {isa = PBXBuildFile; fileRef = F01FD0C728AA278400CEFD7B /* sunAndRain.json */; };
		F01FD0E728AAA9DA00CEFD7B /* sunny.json in Resources */ = {isa = PBXBuildFile; fileRef = F01FD0E628AAA9DA00CEFD7B /* sunny.json */; };
		F01FD10528AB4F1F00CEFD7B /* cloudy.json in Resources */ = {isa = PBXBuildFile; fileRef = F01FD10428AB4F1F00CEFD7B /* cloudy.json */; };
		F01FD10728AB4FA800CEFD7B /* overcast.json in Resources */ = {isa = PBXBuildFile; fileRef = F01FD10628AB4FA800CEFD7B /* overcast.json */; };
		F01FD10928AB53A400CEFD7B /* rainy.json in Resources */ = {isa = PBXBuildFile; fileRef = F01FD10828AB53A400CEFD7B /* rainy.json */; };
		F01FD10B28AB54FE00CEFD7B /* snowy.json in Resources */ = {isa = PBXBuildFile; fileRef = F01FD10A28AB54FE00CEFD7B /* snowy.json */; };
/* End PBXBuildFile section */

/* Begin PBXCopyFilesBuildPhase section */
		52FBB537289B6A970079D684 /* CopyFiles */ = {
			isa = PBXCopyFilesBuildPhase;
			buildActionMask = 2147483647;
			dstPath = /usr/share/man/man1/;
			dstSubfolderSpec = 0;
			files = (
			);
			runOnlyForDeploymentPostprocessing = 1;
		};
/* End PBXCopyFilesBuildPhase section */

/* Begin PBXFileReference section */
		051DEE6328AB605500138EF8 /* TetrominoModel.h */ = {isa = PBXFileReference; lastKnownFileType = sourcecode.c.h; path = TetrominoModel.h; sourceTree = "<group>"; };
		051DEE6428AB606E00138EF8 /* TetrominoModel.m */ = {isa = PBXFileReference; lastKnownFileType = sourcecode.c.objc; path = TetrominoModel.m; sourceTree = "<group>"; };
		051DEE6628AB652B00138EF8 /* CellStructures.h */ = {isa = PBXFileReference; lastKnownFileType = sourcecode.c.h; path = CellStructures.h; sourceTree = "<group>"; };
		05B1598A28A601B900CC047D /* load.json */ = {isa = PBXFileReference; fileEncoding = 4; lastKnownFileType = text.json; path = load.json; sourceTree = "<group>"; };
		05B1598C28A602CC00CC047D /* LottieView.swift */ = {isa = PBXFileReference; lastKnownFileType = sourcecode.swift; path = LottieView.swift; sourceTree = "<group>"; };
		05B1598E28A6E7EF00CC047D /* RefreshableScrollView.swift */ = {isa = PBXFileReference; lastKnownFileType = sourcecode.swift; path = RefreshableScrollView.swift; sourceTree = "<group>"; };
		22D3E38096C001AD59F28EB4 /* Pods-Assignment 1.debug.xcconfig */ = {isa = PBXFileReference; includeInIndex = 1; lastKnownFileType = text.xcconfig; name = "Pods-Assignment 1.debug.xcconfig"; path = "Target Support Files/Pods-Assignment 1/Pods-Assignment 1.debug.xcconfig"; sourceTree = "<group>"; };
		2F0F40A1C5B656933ECD7802 /* Pods-ClimaWeather.debug.xcconfig */ = {isa = PBXFileReference; includeInIndex = 1; lastKnownFileType = text.xcconfig; name = "Pods-ClimaWeather.debug.xcconfig"; path = "Target Support Files/Pods-ClimaWeather/Pods-ClimaWeather.debug.xcconfig"; sourceTree = "<group>"; };
		41500E0F9848E24E4326C703 /* Pods-ClimaWeather.release.xcconfig */ = {isa = PBXFileReference; includeInIndex = 1; lastKnownFileType = text.xcconfig; name = "Pods-ClimaWeather.release.xcconfig"; path = "Target Support Files/Pods-ClimaWeather/Pods-ClimaWeather.release.xcconfig"; sourceTree = "<group>"; };
		5239AEC228A21320001250BE /* ClimaWeather.app */ = {isa = PBXFileReference; explicitFileType = wrapper.application; includeInIndex = 0; path = ClimaWeather.app; sourceTree = BUILT_PRODUCTS_DIR; };
		5239AEC428A21320001250BE /* ClimaWeatherApp.swift */ = {isa = PBXFileReference; lastKnownFileType = sourcecode.swift; path = ClimaWeatherApp.swift; sourceTree = "<group>"; };
		5239AEC628A21320001250BE /* ContentView.swift */ = {isa = PBXFileReference; lastKnownFileType = sourcecode.swift; path = ContentView.swift; sourceTree = "<group>"; };
		5239AEC828A21323001250BE /* Assets.xcassets */ = {isa = PBXFileReference; lastKnownFileType = folder.assetcatalog; path = Assets.xcassets; sourceTree = "<group>"; };
		5239AECB28A21323001250BE /* Preview Assets.xcassets */ = {isa = PBXFileReference; lastKnownFileType = folder.assetcatalog; path = "Preview Assets.xcassets"; sourceTree = "<group>"; };
		523D63D128A5F1DD00C2F1D2 /* ForecastView.swift */ = {isa = PBXFileReference; fileEncoding = 4; lastKnownFileType = sourcecode.swift; path = ForecastView.swift; sourceTree = "<group>"; };
		523D63D228A5F1DD00C2F1D2 /* WeatherDetailView.swift */ = {isa = PBXFileReference; fileEncoding = 4; lastKnownFileType = sourcecode.swift; path = WeatherDetailView.swift; sourceTree = "<group>"; };
		52561AB128A716FD00FEA0E0 /* WeatherModel.swift */ = {isa = PBXFileReference; lastKnownFileType = sourcecode.swift; path = WeatherModel.swift; sourceTree = "<group>"; };
		52561AB328A7355A00FEA0E0 /* CityModel.swift */ = {isa = PBXFileReference; lastKnownFileType = sourcecode.swift; path = CityModel.swift; sourceTree = "<group>"; };
		52561AE328AB49B900FEA0E0 /* Tetris.app */ = {isa = PBXFileReference; explicitFileType = wrapper.application; includeInIndex = 0; path = Tetris.app; sourceTree = BUILT_PRODUCTS_DIR; };
		52561AE528AB49BA00FEA0E0 /* AppDelegate.h */ = {isa = PBXFileReference; lastKnownFileType = sourcecode.c.h; path = AppDelegate.h; sourceTree = "<group>"; };
		52561AE628AB49BA00FEA0E0 /* AppDelegate.m */ = {isa = PBXFileReference; lastKnownFileType = sourcecode.c.objc; path = AppDelegate.m; sourceTree = "<group>"; };
		52561AE828AB49BA00FEA0E0 /* SceneDelegate.h */ = {isa = PBXFileReference; lastKnownFileType = sourcecode.c.h; path = SceneDelegate.h; sourceTree = "<group>"; };
		52561AE928AB49BA00FEA0E0 /* SceneDelegate.m */ = {isa = PBXFileReference; lastKnownFileType = sourcecode.c.objc; path = SceneDelegate.m; sourceTree = "<group>"; };
		52561AEB28AB49BA00FEA0E0 /* ViewController.h */ = {isa = PBXFileReference; lastKnownFileType = sourcecode.c.h; path = ViewController.h; sourceTree = "<group>"; };
		52561AEC28AB49BA00FEA0E0 /* ViewController.m */ = {isa = PBXFileReference; lastKnownFileType = sourcecode.c.objc; path = ViewController.m; sourceTree = "<group>"; };
		52561AEF28AB49BA00FEA0E0 /* Base */ = {isa = PBXFileReference; lastKnownFileType = file.storyboard; name = Base; path = Base.lproj/Main.storyboard; sourceTree = "<group>"; };
		52561AF128AB49BB00FEA0E0 /* Assets.xcassets */ = {isa = PBXFileReference; lastKnownFileType = folder.assetcatalog; path = Assets.xcassets; sourceTree = "<group>"; };
		52561AF428AB49BB00FEA0E0 /* Base */ = {isa = PBXFileReference; lastKnownFileType = file.storyboard; name = Base; path = Base.lproj/LaunchScreen.storyboard; sourceTree = "<group>"; };
		52561AF628AB49BB00FEA0E0 /* Info.plist */ = {isa = PBXFileReference; lastKnownFileType = text.plist.xml; path = Info.plist; sourceTree = "<group>"; };
		52561AF728AB49BB00FEA0E0 /* main.m */ = {isa = PBXFileReference; lastKnownFileType = sourcecode.c.objc; path = main.m; sourceTree = "<group>"; };
		5292A47B28A2181A00A25F50 /* ClimaWeatherBridge.h */ = {isa = PBXFileReference; lastKnownFileType = sourcecode.c.h; path = ClimaWeatherBridge.h; sourceTree = "<group>"; };
		5292A47C28A2196800A25F50 /* WeatherManager.swift */ = {isa = PBXFileReference; lastKnownFileType = sourcecode.swift; path = WeatherManager.swift; sourceTree = "<group>"; };
		5292A47E28A2198600A25F50 /* CurrentWeatherData.swift */ = {isa = PBXFileReference; lastKnownFileType = sourcecode.swift; path = CurrentWeatherData.swift; sourceTree = "<group>"; };
		5292A48028A2199500A25F50 /* CurrentWeatherModel.swift */ = {isa = PBXFileReference; lastKnownFileType = sourcecode.swift; path = CurrentWeatherModel.swift; sourceTree = "<group>"; };
		5292A4A528A2536300A25F50 /* Info.plist */ = {isa = PBXFileReference; lastKnownFileType = text.plist; path = Info.plist; sourceTree = "<group>"; };
		5292A4B228A2F44B00A25F50 /* LocationData.swift */ = {isa = PBXFileReference; lastKnownFileType = sourcecode.swift; path = LocationData.swift; sourceTree = "<group>"; };
		5292A4B428A305E100A25F50 /* HourlyForecastModel.swift */ = {isa = PBXFileReference; lastKnownFileType = sourcecode.swift; path = HourlyForecastModel.swift; sourceTree = "<group>"; };
		5292A4B628A308DB00A25F50 /* HourlyForecastsData.swift */ = {isa = PBXFileReference; lastKnownFileType = sourcecode.swift; path = HourlyForecastsData.swift; sourceTree = "<group>"; };
		5292A4BA28A31E7E00A25F50 /* DailyForecastModel.swift */ = {isa = PBXFileReference; lastKnownFileType = sourcecode.swift; path = DailyForecastModel.swift; sourceTree = "<group>"; };
		5292A4BC28A3224B00A25F50 /* DailyForecastsData.swift */ = {isa = PBXFileReference; lastKnownFileType = sourcecode.swift; path = DailyForecastsData.swift; sourceTree = "<group>"; };
		52FBB539289B6A970079D684 /* Assignment 1 */ = {isa = PBXFileReference; explicitFileType = "compiled.mach-o.executable"; includeInIndex = 0; path = "Assignment 1"; sourceTree = BUILT_PRODUCTS_DIR; };
		52FBB53B289B6A970079D684 /* main.m */ = {isa = PBXFileReference; lastKnownFileType = sourcecode.c.objc; path = main.m; sourceTree = "<group>"; };
		52FBB540289B6AA80079D684 /* BlockAndContainerDemo.h */ = {isa = PBXFileReference; fileEncoding = 4; lastKnownFileType = sourcecode.c.h; path = BlockAndContainerDemo.h; sourceTree = "<group>"; };
		52FBB541289B6AA80079D684 /* BlockAndContainerDemo.m */ = {isa = PBXFileReference; fileEncoding = 4; lastKnownFileType = sourcecode.c.objc; path = BlockAndContainerDemo.m; sourceTree = "<group>"; };
		52FBB542289B6AA80079D684 /* PropertyDemo.m */ = {isa = PBXFileReference; fileEncoding = 4; lastKnownFileType = sourcecode.c.objc; path = PropertyDemo.m; sourceTree = "<group>"; };
		52FBB543289B6AA80079D684 /* SortingDemo.h */ = {isa = PBXFileReference; fileEncoding = 4; lastKnownFileType = sourcecode.c.h; path = SortingDemo.h; sourceTree = "<group>"; };
		52FBB544289B6AA80079D684 /* SortingDemo.m */ = {isa = PBXFileReference; fileEncoding = 4; lastKnownFileType = sourcecode.c.objc; path = SortingDemo.m; sourceTree = "<group>"; };
		52FBB545289B6AA80079D684 /* PropertyDemo.h */ = {isa = PBXFileReference; fileEncoding = 4; lastKnownFileType = sourcecode.c.h; path = PropertyDemo.h; sourceTree = "<group>"; };
		9FFEC04C670DD2DD8DFBF5C4 /* Pods_ClimaWeather.framework */ = {isa = PBXFileReference; explicitFileType = wrapper.framework; includeInIndex = 0; path = Pods_ClimaWeather.framework; sourceTree = BUILT_PRODUCTS_DIR; };
		EC9AAC14B65F1839C56C1A47 /* Pods_Assignment_1.framework */ = {isa = PBXFileReference; explicitFileType = wrapper.framework; includeInIndex = 0; path = Pods_Assignment_1.framework; sourceTree = BUILT_PRODUCTS_DIR; };
		F01FD0C728AA278400CEFD7B /* sunAndRain.json */ = {isa = PBXFileReference; fileEncoding = 4; lastKnownFileType = text.json; path = sunAndRain.json; sourceTree = "<group>"; };
		F01FD0E628AAA9DA00CEFD7B /* sunny.json */ = {isa = PBXFileReference; fileEncoding = 4; lastKnownFileType = text.json; path = sunny.json; sourceTree = "<group>"; };
		F01FD10428AB4F1F00CEFD7B /* cloudy.json */ = {isa = PBXFileReference; fileEncoding = 4; lastKnownFileType = text.json; path = cloudy.json; sourceTree = "<group>"; };
		F01FD10628AB4FA800CEFD7B /* overcast.json */ = {isa = PBXFileReference; fileEncoding = 4; lastKnownFileType = text.json; path = overcast.json; sourceTree = "<group>"; };
		F01FD10828AB53A400CEFD7B /* rainy.json */ = {isa = PBXFileReference; fileEncoding = 4; lastKnownFileType = text.json; path = rainy.json; sourceTree = "<group>"; };
		F01FD10A28AB54FE00CEFD7B /* snowy.json */ = {isa = PBXFileReference; fileEncoding = 4; lastKnownFileType = text.json; path = snowy.json; sourceTree = "<group>"; };
		F6EA7880D37B7B2AD29098A9 /* Pods-Assignment 1.release.xcconfig */ = {isa = PBXFileReference; includeInIndex = 1; lastKnownFileType = text.xcconfig; name = "Pods-Assignment 1.release.xcconfig"; path = "Target Support Files/Pods-Assignment 1/Pods-Assignment 1.release.xcconfig"; sourceTree = "<group>"; };
/* End PBXFileReference section */

/* Begin PBXFrameworksBuildPhase section */
		5239AEBF28A21320001250BE /* Frameworks */ = {
			isa = PBXFrameworksBuildPhase;
			buildActionMask = 2147483647;
			files = (
				CC5AF2A1E8A06F58B03F9625 /* Pods_ClimaWeather.framework in Frameworks */,
			);
			runOnlyForDeploymentPostprocessing = 0;
		};
		52561AE028AB49B900FEA0E0 /* Frameworks */ = {
			isa = PBXFrameworksBuildPhase;
			buildActionMask = 2147483647;
			files = (
			);
			runOnlyForDeploymentPostprocessing = 0;
		};
		52FBB536289B6A970079D684 /* Frameworks */ = {
			isa = PBXFrameworksBuildPhase;
			buildActionMask = 2147483647;
			files = (
				35700439A64347DECB5A2F1C /* Pods_Assignment_1.framework in Frameworks */,
			);
			runOnlyForDeploymentPostprocessing = 0;
		};
/* End PBXFrameworksBuildPhase section */

/* Begin PBXGroup section */
		5239AEC328A21320001250BE /* ClimaWeather */ = {
			isa = PBXGroup;
			children = (
				05B1598A28A601B900CC047D /* load.json */,
				5292A4A528A2536300A25F50 /* Info.plist */,
				5239AEC428A21320001250BE /* ClimaWeatherApp.swift */,
				5239AED028A21336001250BE /* Views */,
				F01FD10C28AB561100CEFD7B /* New Group */,
				5239AEC828A21323001250BE /* Assets.xcassets */,
				5239AECA28A21323001250BE /* Preview Content */,
				5292A47B28A2181A00A25F50 /* ClimaWeatherBridge.h */,
				5292A48228A2199F00A25F50 /* Models */,
			);
			path = ClimaWeather;
			sourceTree = "<group>";
		};
		5239AECA28A21323001250BE /* Preview Content */ = {
			isa = PBXGroup;
			children = (
				5239AECB28A21323001250BE /* Preview Assets.xcassets */,
			);
			path = "Preview Content";
			sourceTree = "<group>";
		};
		5239AED028A21336001250BE /* Views */ = {
			isa = PBXGroup;
			children = (
				F01FD10D28AB562B00CEFD7B /* details */,
				523D63D128A5F1DD00C2F1D2 /* ForecastView.swift */,
				523D63D228A5F1DD00C2F1D2 /* WeatherDetailView.swift */,
				5239AEC628A21320001250BE /* ContentView.swift */,
				05B1598C28A602CC00CC047D /* LottieView.swift */,
				05B1598E28A6E7EF00CC047D /* RefreshableScrollView.swift */,
			);
			path = Views;
			sourceTree = "<group>";
		};
		52561AE428AB49B900FEA0E0 /* Tetris */ = {
			isa = PBXGroup;
			children = (
				52561AE528AB49BA00FEA0E0 /* AppDelegate.h */,
				52561AE628AB49BA00FEA0E0 /* AppDelegate.m */,
				52561AE828AB49BA00FEA0E0 /* SceneDelegate.h */,
				52561AE928AB49BA00FEA0E0 /* SceneDelegate.m */,
				52561AEB28AB49BA00FEA0E0 /* ViewController.h */,
				52561AEC28AB49BA00FEA0E0 /* ViewController.m */,
				52561AEE28AB49BA00FEA0E0 /* Main.storyboard */,
				52561AF128AB49BB00FEA0E0 /* Assets.xcassets */,
				52561AF328AB49BB00FEA0E0 /* LaunchScreen.storyboard */,
				52561AF628AB49BB00FEA0E0 /* Info.plist */,
				52561AF728AB49BB00FEA0E0 /* main.m */,
				051DEE6328AB605500138EF8 /* TetrominoModel.h */,
				051DEE6428AB606E00138EF8 /* TetrominoModel.m */,
				051DEE6628AB652B00138EF8 /* CellStructures.h */,
			);
			path = Tetris;
			sourceTree = "<group>";
		};
		5292A48228A2199F00A25F50 /* Models */ = {
			isa = PBXGroup;
			children = (
				5292A47C28A2196800A25F50 /* WeatherManager.swift */,
				52561AB128A716FD00FEA0E0 /* WeatherModel.swift */,
				5292A4B428A305E100A25F50 /* HourlyForecastModel.swift */,
				5292A4BA28A31E7E00A25F50 /* DailyForecastModel.swift */,
				5292A4B628A308DB00A25F50 /* HourlyForecastsData.swift */,
				5292A4BC28A3224B00A25F50 /* DailyForecastsData.swift */,
				5292A4B228A2F44B00A25F50 /* LocationData.swift */,
				5292A47E28A2198600A25F50 /* CurrentWeatherData.swift */,
				52561AB328A7355A00FEA0E0 /* CityModel.swift */,
				5292A48028A2199500A25F50 /* CurrentWeatherModel.swift */,
			);
			path = Models;
			sourceTree = "<group>";
		};
		52FBB5002890B8320079D684 = {
			isa = PBXGroup;
			children = (
				52FBB53A289B6A970079D684 /* Assignment 1 */,
				5239AEC328A21320001250BE /* ClimaWeather */,
				52561AE428AB49B900FEA0E0 /* Tetris */,
				52FBB50A2890B8320079D684 /* Products */,
				FF5CDFBF0B7107B0FB7683B9 /* Pods */,
				54124684C493024194FBE89E /* Frameworks */,
			);
			sourceTree = "<group>";
		};
		52FBB50A2890B8320079D684 /* Products */ = {
			isa = PBXGroup;
			children = (
				52FBB539289B6A970079D684 /* Assignment 1 */,
				5239AEC228A21320001250BE /* ClimaWeather.app */,
				52561AE328AB49B900FEA0E0 /* Tetris.app */,
			);
			name = Products;
			sourceTree = "<group>";
		};
		52FBB53A289B6A970079D684 /* Assignment 1 */ = {
			isa = PBXGroup;
			children = (
				52FBB53B289B6A970079D684 /* main.m */,
				52FBB540289B6AA80079D684 /* BlockAndContainerDemo.h */,
				52FBB541289B6AA80079D684 /* BlockAndContainerDemo.m */,
				52FBB545289B6AA80079D684 /* PropertyDemo.h */,
				52FBB542289B6AA80079D684 /* PropertyDemo.m */,
				52FBB543289B6AA80079D684 /* SortingDemo.h */,
				52FBB544289B6AA80079D684 /* SortingDemo.m */,
			);
			path = "Assignment 1";
			sourceTree = "<group>";
		};
		54124684C493024194FBE89E /* Frameworks */ = {
			isa = PBXGroup;
			children = (
				EC9AAC14B65F1839C56C1A47 /* Pods_Assignment_1.framework */,
				9FFEC04C670DD2DD8DFBF5C4 /* Pods_ClimaWeather.framework */,
			);
			name = Frameworks;
			sourceTree = "<group>";
		};
		F01FD10C28AB561100CEFD7B /* New Group */ = {
			isa = PBXGroup;
			children = (
			);
			path = "New Group";
			sourceTree = "<group>";
		};
		F01FD10D28AB562B00CEFD7B /* details */ = {
			isa = PBXGroup;
			children = (
				F01FD10428AB4F1F00CEFD7B /* cloudy.json */,
				F01FD10628AB4FA800CEFD7B /* overcast.json */,
				F01FD10A28AB54FE00CEFD7B /* snowy.json */,
				F01FD10828AB53A400CEFD7B /* rainy.json */,
				F01FD0C728AA278400CEFD7B /* sunAndRain.json */,
				F01FD0E628AAA9DA00CEFD7B /* sunny.json */,
			);
			path = details;
			sourceTree = "<group>";
		};
		FF5CDFBF0B7107B0FB7683B9 /* Pods */ = {
			isa = PBXGroup;
			children = (
				22D3E38096C001AD59F28EB4 /* Pods-Assignment 1.debug.xcconfig */,
				F6EA7880D37B7B2AD29098A9 /* Pods-Assignment 1.release.xcconfig */,
				2F0F40A1C5B656933ECD7802 /* Pods-ClimaWeather.debug.xcconfig */,
				41500E0F9848E24E4326C703 /* Pods-ClimaWeather.release.xcconfig */,
			);
			path = Pods;
			sourceTree = "<group>";
		};
/* End PBXGroup section */

/* Begin PBXNativeTarget section */
		5239AEC128A21320001250BE /* ClimaWeather */ = {
			isa = PBXNativeTarget;
			buildConfigurationList = 5239AECD28A21323001250BE /* Build configuration list for PBXNativeTarget "ClimaWeather" */;
			buildPhases = (
				25B3A204F2D9FF13AC836997 /* [CP] Check Pods Manifest.lock */,
				5239AEBE28A21320001250BE /* Sources */,
				5239AEBF28A21320001250BE /* Frameworks */,
				5239AEC028A21320001250BE /* Resources */,
				8C96276241DEC0BB73C50DF1 /* [CP] Embed Pods Frameworks */,
			);
			buildRules = (
			);
			dependencies = (
			);
			name = ClimaWeather;
			productName = ClimaWeather;
			productReference = 5239AEC228A21320001250BE /* ClimaWeather.app */;
			productType = "com.apple.product-type.application";
		};
		52561AE228AB49B900FEA0E0 /* Tetris */ = {
			isa = PBXNativeTarget;
			buildConfigurationList = 52561AFB28AB49BB00FEA0E0 /* Build configuration list for PBXNativeTarget "Tetris" */;
			buildPhases = (
				52561ADF28AB49B900FEA0E0 /* Sources */,
				52561AE028AB49B900FEA0E0 /* Frameworks */,
				52561AE128AB49B900FEA0E0 /* Resources */,
			);
			buildRules = (
			);
			dependencies = (
			);
			name = Tetris;
			productName = Tetris;
			productReference = 52561AE328AB49B900FEA0E0 /* Tetris.app */;
			productType = "com.apple.product-type.application";
		};
		52FBB538289B6A970079D684 /* Assignment 1 */ = {
			isa = PBXNativeTarget;
			buildConfigurationList = 52FBB53D289B6A970079D684 /* Build configuration list for PBXNativeTarget "Assignment 1" */;
			buildPhases = (
				A954ABCDF739E6869C3F72BC /* [CP] Check Pods Manifest.lock */,
				52FBB535289B6A970079D684 /* Sources */,
				52FBB536289B6A970079D684 /* Frameworks */,
				52FBB537289B6A970079D684 /* CopyFiles */,
			);
			buildRules = (
			);
			dependencies = (
			);
			name = "Assignment 1";
			productName = "Assignment 1";
			productReference = 52FBB539289B6A970079D684 /* Assignment 1 */;
			productType = "com.apple.product-type.tool";
		};
/* End PBXNativeTarget section */

/* Begin PBXProject section */
		52FBB5012890B8320079D684 /* Project object */ = {
			isa = PBXProject;
			attributes = {
				BuildIndependentTargetsInParallel = 1;
				LastSwiftUpdateCheck = 1340;
				LastUpgradeCheck = 1340;
				TargetAttributes = {
					5239AEC128A21320001250BE = {
						CreatedOnToolsVersion = 13.4.1;
					};
					52561AE228AB49B900FEA0E0 = {
						CreatedOnToolsVersion = 13.4.1;
					};
					52FBB538289B6A970079D684 = {
						CreatedOnToolsVersion = 13.4.1;
					};
				};
			};
			buildConfigurationList = 52FBB5042890B8320079D684 /* Build configuration list for PBXProject "Tianqi_Group_Project" */;
			compatibilityVersion = "Xcode 13.0";
			developmentRegion = en;
			hasScannedForEncodings = 0;
			knownRegions = (
				en,
				Base,
			);
			mainGroup = 52FBB5002890B8320079D684;
			productRefGroup = 52FBB50A2890B8320079D684 /* Products */;
			projectDirPath = "";
			projectRoot = "";
			targets = (
				52FBB538289B6A970079D684 /* Assignment 1 */,
				5239AEC128A21320001250BE /* ClimaWeather */,
				52561AE228AB49B900FEA0E0 /* Tetris */,
			);
		};
/* End PBXProject section */

/* Begin PBXResourcesBuildPhase section */
		5239AEC028A21320001250BE /* Resources */ = {
			isa = PBXResourcesBuildPhase;
			buildActionMask = 2147483647;
			files = (
				F01FD10728AB4FA800CEFD7B /* overcast.json in Resources */,
				F01FD10B28AB54FE00CEFD7B /* snowy.json in Resources */,
				5239AECC28A21323001250BE /* Preview Assets.xcassets in Resources */,
				5239AEC928A21323001250BE /* Assets.xcassets in Resources */,
				F01FD0E728AAA9DA00CEFD7B /* sunny.json in Resources */,
				F01FD0C828AA278400CEFD7B /* sunAndRain.json in Resources */,
				F01FD10928AB53A400CEFD7B /* rainy.json in Resources */,
				05B1598B28A601B900CC047D /* load.json in Resources */,
				F01FD10528AB4F1F00CEFD7B /* cloudy.json in Resources */,
			);
			runOnlyForDeploymentPostprocessing = 0;
		};
		52561AE128AB49B900FEA0E0 /* Resources */ = {
			isa = PBXResourcesBuildPhase;
			buildActionMask = 2147483647;
			files = (
				52561AF528AB49BB00FEA0E0 /* LaunchScreen.storyboard in Resources */,
				52561AF228AB49BB00FEA0E0 /* Assets.xcassets in Resources */,
				52561AF028AB49BA00FEA0E0 /* Main.storyboard in Resources */,
			);
			runOnlyForDeploymentPostprocessing = 0;
		};
/* End PBXResourcesBuildPhase section */

/* Begin PBXShellScriptBuildPhase section */
		25B3A204F2D9FF13AC836997 /* [CP] Check Pods Manifest.lock */ = {
			isa = PBXShellScriptBuildPhase;
			buildActionMask = 2147483647;
			files = (
			);
			inputFileListPaths = (
			);
			inputPaths = (
				"${PODS_PODFILE_DIR_PATH}/Podfile.lock",
				"${PODS_ROOT}/Manifest.lock",
			);
			name = "[CP] Check Pods Manifest.lock";
			outputFileListPaths = (
			);
			outputPaths = (
				"$(DERIVED_FILE_DIR)/Pods-ClimaWeather-checkManifestLockResult.txt",
			);
			runOnlyForDeploymentPostprocessing = 0;
			shellPath = /bin/sh;
			shellScript = "diff \"${PODS_PODFILE_DIR_PATH}/Podfile.lock\" \"${PODS_ROOT}/Manifest.lock\" > /dev/null\nif [ $? != 0 ] ; then\n    # print error to STDERR\n    echo \"error: The sandbox is not in sync with the Podfile.lock. Run 'pod install' or update your CocoaPods installation.\" >&2\n    exit 1\nfi\n# This output is used by Xcode 'outputs' to avoid re-running this script phase.\necho \"SUCCESS\" > \"${SCRIPT_OUTPUT_FILE_0}\"\n";
			showEnvVarsInLog = 0;
		};
		8C96276241DEC0BB73C50DF1 /* [CP] Embed Pods Frameworks */ = {
			isa = PBXShellScriptBuildPhase;
			buildActionMask = 2147483647;
			files = (
			);
			inputFileListPaths = (
				"${PODS_ROOT}/Target Support Files/Pods-ClimaWeather/Pods-ClimaWeather-frameworks-${CONFIGURATION}-input-files.xcfilelist",
			);
			name = "[CP] Embed Pods Frameworks";
			outputFileListPaths = (
				"${PODS_ROOT}/Target Support Files/Pods-ClimaWeather/Pods-ClimaWeather-frameworks-${CONFIGURATION}-output-files.xcfilelist",
			);
			runOnlyForDeploymentPostprocessing = 0;
			shellPath = /bin/sh;
			shellScript = "\"${PODS_ROOT}/Target Support Files/Pods-ClimaWeather/Pods-ClimaWeather-frameworks.sh\"\n";
			showEnvVarsInLog = 0;
		};
		A954ABCDF739E6869C3F72BC /* [CP] Check Pods Manifest.lock */ = {
			isa = PBXShellScriptBuildPhase;
			buildActionMask = 2147483647;
			files = (
			);
			inputFileListPaths = (
			);
			inputPaths = (
				"${PODS_PODFILE_DIR_PATH}/Podfile.lock",
				"${PODS_ROOT}/Manifest.lock",
			);
			name = "[CP] Check Pods Manifest.lock";
			outputFileListPaths = (
			);
			outputPaths = (
				"$(DERIVED_FILE_DIR)/Pods-Assignment 1-checkManifestLockResult.txt",
			);
			runOnlyForDeploymentPostprocessing = 0;
			shellPath = /bin/sh;
			shellScript = "diff \"${PODS_PODFILE_DIR_PATH}/Podfile.lock\" \"${PODS_ROOT}/Manifest.lock\" > /dev/null\nif [ $? != 0 ] ; then\n    # print error to STDERR\n    echo \"error: The sandbox is not in sync with the Podfile.lock. Run 'pod install' or update your CocoaPods installation.\" >&2\n    exit 1\nfi\n# This output is used by Xcode 'outputs' to avoid re-running this script phase.\necho \"SUCCESS\" > \"${SCRIPT_OUTPUT_FILE_0}\"\n";
			showEnvVarsInLog = 0;
		};
/* End PBXShellScriptBuildPhase section */

/* Begin PBXSourcesBuildPhase section */
		5239AEBE28A21320001250BE /* Sources */ = {
			isa = PBXSourcesBuildPhase;
			buildActionMask = 2147483647;
			files = (
				5292A4BB28A31E7E00A25F50 /* DailyForecastModel.swift in Sources */,
				5292A4B528A305E100A25F50 /* HourlyForecastModel.swift in Sources */,
				5292A4BD28A3224B00A25F50 /* DailyForecastsData.swift in Sources */,
				5292A4B328A2F44B00A25F50 /* LocationData.swift in Sources */,
				52561AB228A716FD00FEA0E0 /* WeatherModel.swift in Sources */,
				5292A47F28A2198600A25F50 /* CurrentWeatherData.swift in Sources */,
				05B1598F28A6E7EF00CC047D /* RefreshableScrollView.swift in Sources */,
				5292A47D28A2196800A25F50 /* WeatherManager.swift in Sources */,
				52561AB428A7355A00FEA0E0 /* CityModel.swift in Sources */,
				523D63D328A5F1DE00C2F1D2 /* ForecastView.swift in Sources */,
				5292A48128A2199500A25F50 /* CurrentWeatherModel.swift in Sources */,
				05B1598D28A602CC00CC047D /* LottieView.swift in Sources */,
				5292A4B728A308DB00A25F50 /* HourlyForecastsData.swift in Sources */,
				523D63D428A5F1DE00C2F1D2 /* WeatherDetailView.swift in Sources */,
				5239AEC728A21320001250BE /* ContentView.swift in Sources */,
				5239AEC528A21320001250BE /* ClimaWeatherApp.swift in Sources */,
			);
			runOnlyForDeploymentPostprocessing = 0;
		};
		52561ADF28AB49B900FEA0E0 /* Sources */ = {
			isa = PBXSourcesBuildPhase;
			buildActionMask = 2147483647;
			files = (
				52561AED28AB49BA00FEA0E0 /* ViewController.m in Sources */,
				051DEE6528AB606E00138EF8 /* TetrominoModel.m in Sources */,
				52561AE728AB49BA00FEA0E0 /* AppDelegate.m in Sources */,
				52561AF828AB49BB00FEA0E0 /* main.m in Sources */,
				52561AEA28AB49BA00FEA0E0 /* SceneDelegate.m in Sources */,
			);
			runOnlyForDeploymentPostprocessing = 0;
		};
		52FBB535289B6A970079D684 /* Sources */ = {
			isa = PBXSourcesBuildPhase;
			buildActionMask = 2147483647;
			files = (
				52FBB546289B6AA80079D684 /* BlockAndContainerDemo.m in Sources */,
				52FBB547289B6AA80079D684 /* PropertyDemo.m in Sources */,
				52FBB53C289B6A970079D684 /* main.m in Sources */,
				52FBB548289B6AA80079D684 /* SortingDemo.m in Sources */,
			);
			runOnlyForDeploymentPostprocessing = 0;
		};
/* End PBXSourcesBuildPhase section */

/* Begin PBXVariantGroup section */
		52561AEE28AB49BA00FEA0E0 /* Main.storyboard */ = {
			isa = PBXVariantGroup;
			children = (
				52561AEF28AB49BA00FEA0E0 /* Base */,
			);
			name = Main.storyboard;
			sourceTree = "<group>";
		};
		52561AF328AB49BB00FEA0E0 /* LaunchScreen.storyboard */ = {
			isa = PBXVariantGroup;
			children = (
				52561AF428AB49BB00FEA0E0 /* Base */,
			);
			name = LaunchScreen.storyboard;
			sourceTree = "<group>";
		};
/* End PBXVariantGroup section */

/* Begin XCBuildConfiguration section */
		5239AECE28A21323001250BE /* Debug */ = {
			isa = XCBuildConfiguration;
			baseConfigurationReference = 2F0F40A1C5B656933ECD7802 /* Pods-ClimaWeather.debug.xcconfig */;
			buildSettings = {
				ASSETCATALOG_COMPILER_APPICON_NAME = AppIcon;
				ASSETCATALOG_COMPILER_GLOBAL_ACCENT_COLOR_NAME = AccentColor;
				CODE_SIGN_STYLE = Automatic;
				CURRENT_PROJECT_VERSION = 1;
				DEVELOPMENT_ASSET_PATHS = "\"ClimaWeather/Preview Content\"";
				DEVELOPMENT_TEAM = "";
				ENABLE_PREVIEWS = YES;
				GENERATE_INFOPLIST_FILE = YES;
				INFOPLIST_FILE = ClimaWeather/Info.plist;
				INFOPLIST_KEY_UIApplicationSceneManifest_Generation = YES;
				INFOPLIST_KEY_UIApplicationSupportsIndirectInputEvents = YES;
				INFOPLIST_KEY_UILaunchScreen_Generation = YES;
				INFOPLIST_KEY_UISupportedInterfaceOrientations_iPad = "UIInterfaceOrientationPortrait UIInterfaceOrientationPortraitUpsideDown UIInterfaceOrientationLandscapeLeft UIInterfaceOrientationLandscapeRight";
				INFOPLIST_KEY_UISupportedInterfaceOrientations_iPhone = "UIInterfaceOrientationPortrait UIInterfaceOrientationLandscapeLeft UIInterfaceOrientationLandscapeRight";
				IPHONEOS_DEPLOYMENT_TARGET = 15.0;
				LD_RUNPATH_SEARCH_PATHS = (
					"$(inherited)",
					"@executable_path/Frameworks",
				);
				MARKETING_VERSION = 1.0;
				PRODUCT_BUNDLE_IDENTIFIER = com.tianqi.ClimaWeather;
				PRODUCT_NAME = "$(TARGET_NAME)";
				SWIFT_ACTIVE_COMPILATION_CONDITIONS = DEBUG;
				SWIFT_EMIT_LOC_STRINGS = YES;
				SWIFT_OBJC_BRIDGING_HEADER = ClimaWeather/ClimaWeatherBridge.h;
				SWIFT_OPTIMIZATION_LEVEL = "-Onone";
				SWIFT_VERSION = 5.0;
				TARGETED_DEVICE_FAMILY = "1,2";
			};
			name = Debug;
		};
		5239AECF28A21323001250BE /* Release */ = {
			isa = XCBuildConfiguration;
			baseConfigurationReference = 41500E0F9848E24E4326C703 /* Pods-ClimaWeather.release.xcconfig */;
			buildSettings = {
				ASSETCATALOG_COMPILER_APPICON_NAME = AppIcon;
				ASSETCATALOG_COMPILER_GLOBAL_ACCENT_COLOR_NAME = AccentColor;
				CODE_SIGN_STYLE = Automatic;
				CURRENT_PROJECT_VERSION = 1;
				DEVELOPMENT_ASSET_PATHS = "\"ClimaWeather/Preview Content\"";
				DEVELOPMENT_TEAM = "";
				ENABLE_PREVIEWS = YES;
				GENERATE_INFOPLIST_FILE = YES;
				INFOPLIST_FILE = ClimaWeather/Info.plist;
				INFOPLIST_KEY_UIApplicationSceneManifest_Generation = YES;
				INFOPLIST_KEY_UIApplicationSupportsIndirectInputEvents = YES;
				INFOPLIST_KEY_UILaunchScreen_Generation = YES;
				INFOPLIST_KEY_UISupportedInterfaceOrientations_iPad = "UIInterfaceOrientationPortrait UIInterfaceOrientationPortraitUpsideDown UIInterfaceOrientationLandscapeLeft UIInterfaceOrientationLandscapeRight";
				INFOPLIST_KEY_UISupportedInterfaceOrientations_iPhone = "UIInterfaceOrientationPortrait UIInterfaceOrientationLandscapeLeft UIInterfaceOrientationLandscapeRight";
				IPHONEOS_DEPLOYMENT_TARGET = 15.0;
				LD_RUNPATH_SEARCH_PATHS = (
					"$(inherited)",
					"@executable_path/Frameworks",
				);
				MARKETING_VERSION = 1.0;
				PRODUCT_BUNDLE_IDENTIFIER = com.tianqi.ClimaWeather;
				PRODUCT_NAME = "$(TARGET_NAME)";
				SWIFT_COMPILATION_MODE = wholemodule;
				SWIFT_EMIT_LOC_STRINGS = YES;
				SWIFT_OBJC_BRIDGING_HEADER = ClimaWeather/ClimaWeatherBridge.h;
				SWIFT_OPTIMIZATION_LEVEL = "-O";
				SWIFT_VERSION = 5.0;
				TARGETED_DEVICE_FAMILY = "1,2";
				VALIDATE_PRODUCT = YES;
			};
			name = Release;
		};
		52561AF928AB49BB00FEA0E0 /* Debug */ = {
			isa = XCBuildConfiguration;
			buildSettings = {
				ASSETCATALOG_COMPILER_APPICON_NAME = AppIcon;
				ASSETCATALOG_COMPILER_GLOBAL_ACCENT_COLOR_NAME = AccentColor;
				CODE_SIGN_STYLE = Automatic;
				CURRENT_PROJECT_VERSION = 1;
				GENERATE_INFOPLIST_FILE = YES;
				INFOPLIST_FILE = Tetris/Info.plist;
				INFOPLIST_KEY_UIApplicationSupportsIndirectInputEvents = YES;
				INFOPLIST_KEY_UILaunchStoryboardName = LaunchScreen;
				INFOPLIST_KEY_UIMainStoryboardFile = Main;
				INFOPLIST_KEY_UISupportedInterfaceOrientations_iPad = "UIInterfaceOrientationPortrait UIInterfaceOrientationPortraitUpsideDown UIInterfaceOrientationLandscapeLeft UIInterfaceOrientationLandscapeRight";
				INFOPLIST_KEY_UISupportedInterfaceOrientations_iPhone = "UIInterfaceOrientationPortrait UIInterfaceOrientationLandscapeLeft UIInterfaceOrientationLandscapeRight";
				IPHONEOS_DEPLOYMENT_TARGET = 15.5;
				LD_RUNPATH_SEARCH_PATHS = (
					"$(inherited)",
					"@executable_path/Frameworks",
				);
				MARKETING_VERSION = 1.0;
				PRODUCT_BUNDLE_IDENTIFIER = com.tianqi.Tetris;
				PRODUCT_NAME = "$(TARGET_NAME)";
				SWIFT_EMIT_LOC_STRINGS = YES;
				TARGETED_DEVICE_FAMILY = "1,2";
			};
			name = Debug;
		};
		52561AFA28AB49BB00FEA0E0 /* Release */ = {
			isa = XCBuildConfiguration;
			buildSettings = {
				ASSETCATALOG_COMPILER_APPICON_NAME = AppIcon;
				ASSETCATALOG_COMPILER_GLOBAL_ACCENT_COLOR_NAME = AccentColor;
				CODE_SIGN_STYLE = Automatic;
				CURRENT_PROJECT_VERSION = 1;
				GENERATE_INFOPLIST_FILE = YES;
				INFOPLIST_FILE = Tetris/Info.plist;
				INFOPLIST_KEY_UIApplicationSupportsIndirectInputEvents = YES;
				INFOPLIST_KEY_UILaunchStoryboardName = LaunchScreen;
				INFOPLIST_KEY_UIMainStoryboardFile = Main;
				INFOPLIST_KEY_UISupportedInterfaceOrientations_iPad = "UIInterfaceOrientationPortrait UIInterfaceOrientationPortraitUpsideDown UIInterfaceOrientationLandscapeLeft UIInterfaceOrientationLandscapeRight";
				INFOPLIST_KEY_UISupportedInterfaceOrientations_iPhone = "UIInterfaceOrientationPortrait UIInterfaceOrientationLandscapeLeft UIInterfaceOrientationLandscapeRight";
				IPHONEOS_DEPLOYMENT_TARGET = 15.5;
				LD_RUNPATH_SEARCH_PATHS = (
					"$(inherited)",
					"@executable_path/Frameworks",
				);
				MARKETING_VERSION = 1.0;
				PRODUCT_BUNDLE_IDENTIFIER = com.tianqi.Tetris;
				PRODUCT_NAME = "$(TARGET_NAME)";
				SWIFT_EMIT_LOC_STRINGS = YES;
				TARGETED_DEVICE_FAMILY = "1,2";
				VALIDATE_PRODUCT = YES;
			};
			name = Release;
		};
		52FBB50E2890B8320079D684 /* Debug */ = {
			isa = XCBuildConfiguration;
			buildSettings = {
				ALWAYS_SEARCH_USER_PATHS = NO;
				CLANG_ANALYZER_NONNULL = YES;
				CLANG_ANALYZER_NUMBER_OBJECT_CONVERSION = YES_AGGRESSIVE;
				CLANG_CXX_LANGUAGE_STANDARD = "gnu++17";
				CLANG_ENABLE_MODULES = YES;
				CLANG_ENABLE_OBJC_ARC = YES;
				CLANG_ENABLE_OBJC_WEAK = YES;
				CLANG_WARN_BLOCK_CAPTURE_AUTORELEASING = YES;
				CLANG_WARN_BOOL_CONVERSION = YES;
				CLANG_WARN_COMMA = YES;
				CLANG_WARN_CONSTANT_CONVERSION = YES;
				CLANG_WARN_DEPRECATED_OBJC_IMPLEMENTATIONS = YES;
				CLANG_WARN_DIRECT_OBJC_ISA_USAGE = YES_ERROR;
				CLANG_WARN_DOCUMENTATION_COMMENTS = YES;
				CLANG_WARN_EMPTY_BODY = YES;
				CLANG_WARN_ENUM_CONVERSION = YES;
				CLANG_WARN_INFINITE_RECURSION = YES;
				CLANG_WARN_INT_CONVERSION = YES;
				CLANG_WARN_NON_LITERAL_NULL_CONVERSION = YES;
				CLANG_WARN_OBJC_IMPLICIT_RETAIN_SELF = YES;
				CLANG_WARN_OBJC_LITERAL_CONVERSION = YES;
				CLANG_WARN_OBJC_ROOT_CLASS = YES_ERROR;
				CLANG_WARN_QUOTED_INCLUDE_IN_FRAMEWORK_HEADER = YES;
				CLANG_WARN_RANGE_LOOP_ANALYSIS = YES;
				CLANG_WARN_STRICT_PROTOTYPES = YES;
				CLANG_WARN_SUSPICIOUS_MOVE = YES;
				CLANG_WARN_UNGUARDED_AVAILABILITY = YES_AGGRESSIVE;
				CLANG_WARN_UNREACHABLE_CODE = YES;
				CLANG_WARN__DUPLICATE_METHOD_MATCH = YES;
				COPY_PHASE_STRIP = NO;
				DEBUG_INFORMATION_FORMAT = dwarf;
				ENABLE_STRICT_OBJC_MSGSEND = YES;
				ENABLE_TESTABILITY = YES;
				GCC_C_LANGUAGE_STANDARD = gnu11;
				GCC_DYNAMIC_NO_PIC = NO;
				GCC_NO_COMMON_BLOCKS = YES;
				GCC_OPTIMIZATION_LEVEL = 0;
				GCC_PREPROCESSOR_DEFINITIONS = (
					"DEBUG=1",
					"$(inherited)",
				);
				GCC_WARN_64_TO_32_BIT_CONVERSION = YES;
				GCC_WARN_ABOUT_RETURN_TYPE = YES_ERROR;
				GCC_WARN_UNDECLARED_SELECTOR = YES;
				GCC_WARN_UNINITIALIZED_AUTOS = YES_AGGRESSIVE;
				GCC_WARN_UNUSED_FUNCTION = YES;
				GCC_WARN_UNUSED_VARIABLE = YES;
				IPHONEOS_DEPLOYMENT_TARGET = 15.0;
				MACOSX_DEPLOYMENT_TARGET = 12.3;
				MTL_ENABLE_DEBUG_INFO = INCLUDE_SOURCE;
				MTL_FAST_MATH = YES;
				ONLY_ACTIVE_ARCH = YES;
				SDKROOT = iphoneos;
			};
			name = Debug;
		};
		52FBB50F2890B8320079D684 /* Release */ = {
			isa = XCBuildConfiguration;
			buildSettings = {
				ALWAYS_SEARCH_USER_PATHS = NO;
				CLANG_ANALYZER_NONNULL = YES;
				CLANG_ANALYZER_NUMBER_OBJECT_CONVERSION = YES_AGGRESSIVE;
				CLANG_CXX_LANGUAGE_STANDARD = "gnu++17";
				CLANG_ENABLE_MODULES = YES;
				CLANG_ENABLE_OBJC_ARC = YES;
				CLANG_ENABLE_OBJC_WEAK = YES;
				CLANG_WARN_BLOCK_CAPTURE_AUTORELEASING = YES;
				CLANG_WARN_BOOL_CONVERSION = YES;
				CLANG_WARN_COMMA = YES;
				CLANG_WARN_CONSTANT_CONVERSION = YES;
				CLANG_WARN_DEPRECATED_OBJC_IMPLEMENTATIONS = YES;
				CLANG_WARN_DIRECT_OBJC_ISA_USAGE = YES_ERROR;
				CLANG_WARN_DOCUMENTATION_COMMENTS = YES;
				CLANG_WARN_EMPTY_BODY = YES;
				CLANG_WARN_ENUM_CONVERSION = YES;
				CLANG_WARN_INFINITE_RECURSION = YES;
				CLANG_WARN_INT_CONVERSION = YES;
				CLANG_WARN_NON_LITERAL_NULL_CONVERSION = YES;
				CLANG_WARN_OBJC_IMPLICIT_RETAIN_SELF = YES;
				CLANG_WARN_OBJC_LITERAL_CONVERSION = YES;
				CLANG_WARN_OBJC_ROOT_CLASS = YES_ERROR;
				CLANG_WARN_QUOTED_INCLUDE_IN_FRAMEWORK_HEADER = YES;
				CLANG_WARN_RANGE_LOOP_ANALYSIS = YES;
				CLANG_WARN_STRICT_PROTOTYPES = YES;
				CLANG_WARN_SUSPICIOUS_MOVE = YES;
				CLANG_WARN_UNGUARDED_AVAILABILITY = YES_AGGRESSIVE;
				CLANG_WARN_UNREACHABLE_CODE = YES;
				CLANG_WARN__DUPLICATE_METHOD_MATCH = YES;
				COPY_PHASE_STRIP = NO;
				DEBUG_INFORMATION_FORMAT = "dwarf-with-dsym";
				ENABLE_NS_ASSERTIONS = NO;
				ENABLE_STRICT_OBJC_MSGSEND = YES;
				GCC_C_LANGUAGE_STANDARD = gnu11;
				GCC_NO_COMMON_BLOCKS = YES;
				GCC_WARN_64_TO_32_BIT_CONVERSION = YES;
				GCC_WARN_ABOUT_RETURN_TYPE = YES_ERROR;
				GCC_WARN_UNDECLARED_SELECTOR = YES;
				GCC_WARN_UNINITIALIZED_AUTOS = YES_AGGRESSIVE;
				GCC_WARN_UNUSED_FUNCTION = YES;
				GCC_WARN_UNUSED_VARIABLE = YES;
				IPHONEOS_DEPLOYMENT_TARGET = 15.0;
				MACOSX_DEPLOYMENT_TARGET = 12.3;
				MTL_ENABLE_DEBUG_INFO = NO;
				MTL_FAST_MATH = YES;
				SDKROOT = iphoneos;
				SWIFT_COMPILATION_MODE = wholemodule;
			};
			name = Release;
		};
		52FBB53E289B6A970079D684 /* Debug */ = {
			isa = XCBuildConfiguration;
			baseConfigurationReference = 22D3E38096C001AD59F28EB4 /* Pods-Assignment 1.debug.xcconfig */;
			buildSettings = {
				CODE_SIGN_STYLE = Automatic;
				DEVELOPMENT_TEAM = L5Q92T34UB;
				IPHONEOS_DEPLOYMENT_TARGET = 15.0;
				PRODUCT_NAME = "$(TARGET_NAME)";
			};
			name = Debug;
		};
		52FBB53F289B6A970079D684 /* Release */ = {
			isa = XCBuildConfiguration;
			baseConfigurationReference = F6EA7880D37B7B2AD29098A9 /* Pods-Assignment 1.release.xcconfig */;
			buildSettings = {
				CODE_SIGN_STYLE = Automatic;
				DEVELOPMENT_TEAM = L5Q92T34UB;
				IPHONEOS_DEPLOYMENT_TARGET = 15.0;
				PRODUCT_NAME = "$(TARGET_NAME)";
			};
			name = Release;
		};
/* End XCBuildConfiguration section */

/* Begin XCConfigurationList section */
		5239AECD28A21323001250BE /* Build configuration list for PBXNativeTarget "ClimaWeather" */ = {
			isa = XCConfigurationList;
			buildConfigurations = (
				5239AECE28A21323001250BE /* Debug */,
				5239AECF28A21323001250BE /* Release */,
			);
			defaultConfigurationIsVisible = 0;
			defaultConfigurationName = Release;
		};
		52561AFB28AB49BB00FEA0E0 /* Build configuration list for PBXNativeTarget "Tetris" */ = {
			isa = XCConfigurationList;
			buildConfigurations = (
				52561AF928AB49BB00FEA0E0 /* Debug */,
				52561AFA28AB49BB00FEA0E0 /* Release */,
			);
			defaultConfigurationIsVisible = 0;
			defaultConfigurationName = Release;
		};
		52FBB5042890B8320079D684 /* Build configuration list for PBXProject "Tianqi_Group_Project" */ = {
			isa = XCConfigurationList;
			buildConfigurations = (
				52FBB50E2890B8320079D684 /* Debug */,
				52FBB50F2890B8320079D684 /* Release */,
			);
			defaultConfigurationIsVisible = 0;
			defaultConfigurationName = Release;
		};
		52FBB53D289B6A970079D684 /* Build configuration list for PBXNativeTarget "Assignment 1" */ = {
			isa = XCConfigurationList;
			buildConfigurations = (
				52FBB53E289B6A970079D684 /* Debug */,
				52FBB53F289B6A970079D684 /* Release */,
			);
			defaultConfigurationIsVisible = 0;
			defaultConfigurationName = Release;
		};
/* End XCConfigurationList section */
	};
	rootObject = 52FBB5012890B8320079D684 /* Project object */;
}
